
Microsoft Visual Studio Solution File, Format Version 12.00
# Visual Studio 15
Project("{FAE04EC0-301F-11D3-BF4B-00C04F79EFBC}") = "Assembly-CSharp", "Assembly-CSharp.csproj", "{C0469AA4-17CF-CEEB-3BBC-A8C8A79AB350}"
EndProject
Project("{FAE04EC0-301F-11D3-BF4B-00C04F79EFBC}") = "Assembly-CSharp-Editor", "Assembly-CSharp-Editor.csproj", "{32358035-6850-8787-756E-E14BC1FC558A}"
EndProject
Global
	GlobalSection(SolutionConfigurationPlatforms) = preSolution
		Debug|Any CPU = Debug|Any CPU
		Release|Any CPU = Release|Any CPU
	EndGlobalSection
	GlobalSection(ProjectConfigurationPlatforms) = postSolution
		{C0469AA4-17CF-CEEB-3BBC-A8C8A79AB350}.Debug|Any CPU.ActiveCfg = Debug|Any CPU
		{C0469AA4-17CF-CEEB-3BBC-A8C8A79AB350}.Debug|Any CPU.Build.0 = Debug|Any CPU
		{C0469AA4-17CF-CEEB-3BBC-A8C8A79AB350}.Release|Any CPU.ActiveCfg = Release|Any CPU
		{C0469AA4-17CF-CEEB-3BBC-A8C8A79AB350}.Release|Any CPU.Build.0 = Release|Any CPU
		{32358035-6850-8787-756E-E14BC1FC558A}.Debug|Any CPU.ActiveCfg = Debug|Any CPU
		{32358035-6850-8787-756E-E14BC1FC558A}.Debug|Any CPU.Build.0 = Debug|Any CPU
		{32358035-6850-8787-756E-E14BC1FC558A}.Release|Any CPU.ActiveCfg = Release|Any CPU
		{32358035-6850-8787-756E-E14BC1FC558A}.Release|Any CPU.Build.0 = Release|Any CPU
	EndGlobalSection
	GlobalSection(SolutionProperties) = preSolution
		HideSolutionNode = FALSE
	EndGlobalSection
EndGlobal
